{
  "version": 4,
  "terraform_version": "1.3.7",
  "serial": 9,
  "lineage": "dbfa336a-d3e1-1fb3-70c3-d9effd7847d1",
  "outputs": {},
  "resources": [
    {
      "mode": "managed",
      "type": "aws_eks_cluster",
      "name": "jsr-eks",
      "provider": "provider[\"registry.terraform.io/hashicorp/aws\"]",
      "instances": [
        {
          "schema_version": 0,
          "attributes": {
            "arn": "arn:aws:eks:us-east-1:976903522948:cluster/jsr-cluster",
            "certificate_authority": [
              {
                "data": "LS0tLS1CRUdJTiBDRVJUSUZJQ0FURS0tLS0tCk1JSUMvakNDQWVhZ0F3SUJBZ0lCQURBTkJna3Foa2lHOXcwQkFRc0ZBREFWTVJNd0VRWURWUVFERXdwcmRXSmwKY201bGRHVnpNQjRYRFRJek1ERXhNVEV6TkRVeE1Wb1hEVE16TURFd09ERXpORFV4TVZvd0ZURVRNQkVHQTFVRQpBeE1LYTNWaVpYSnVaWFJsY3pDQ0FTSXdEUVlKS29aSWh2Y05BUUVCQlFBRGdnRVBBRENDQVFvQ2dnRUJBTTVtCjZVMFRSa3RrQ0hLblJobWFOYWV0SmdCUWlpMnQ0OUFwbkFCa0N0Y2ZBZjNPT29yckZFWllveWF2NVN5c3p6NkoKdUUxcEN6d1IxWUZNb0k2NGxocmxFN3RIK1hnd0lFOEpZWTdWR05TSzJQaHBQY1lScmxndU8rQjNtU1FCcjJ3aQpES1lHYW9STlVNLzErV1VZcTNvOTI3ZmFkVktKcWNYSkZZWGF0bkl2aGdlcG5VMHF3d1VnSmw2d1pZTWtjZVl0CkIvZ1o5ZTNBcENHVUtVYUErZXhUcHVyZnVXbGFoZjFwM3h4SEZORXcvVFhJMWlEVVgrSkZTaEpTYkM2eG53T1AKMTI4dTdDUUpUMENZc0ZSbm45bG9VZ05rQUYzTlR3QmhTNSt0c3NUc05zOTBTcVhOeE5IeG9tUlhpSmxvcFZiaAptcGF2SkhFdGE2QWN2Q0hKd3VFQ0F3RUFBYU5aTUZjd0RnWURWUjBQQVFIL0JBUURBZ0trTUE4R0ExVWRFd0VCCi93UUZNQU1CQWY4d0hRWURWUjBPQkJZRUZEVWtXL3Noa3FLRDJSdUdVb1JNQVZHNXluSHZNQlVHQTFVZEVRUU8KTUF5Q0NtdDFZbVZ5Ym1WMFpYTXdEUVlKS29aSWh2Y05BUUVMQlFBRGdnRUJBQ29YR1VIQ3c3REZxS29zbElJOQpvUEVHZUh6OXVkdnF5QWs1Z0hSNnRRSTE5OXRzWHB3NWR4cTFsV0RnTGM3b0pmQzhGZ2x3dlVWVVN3S0IvalhZCnJENktldzhTS2VpNDR6ZUVGZExGWVIzVEN0UVdWd0pQTGpCa3ptTHUxSzNVK2RXU2lZM3g4MXc0ZlJ2U05aNE8KZmp0ckVFWXRVRWV5eW1Bd1l2emsxaVRjVi9DaDVUVlVzdENNejVLV0dNQW12U3VIWWhYT3lUbFVHSDEyUHZuVgo0bUc3ajk0OEw0UktiZXg0Y2tXYjFySklNZXZzd2JuclRrTGhGS25UTVZ5S3ZFQW5PM214aVB6ejNUUHRQZlkvCldiSVU2L3FsU1pTVnlSdDhvSEJSeUlyaWgrdCt6Q2xTcmdSS1FOcFNBZzM5NnZyeGhMZHc0ak5NVGRpVU9EZ1IKM3Q4PQotLS0tLUVORCBDRVJUSUZJQ0FURS0tLS0tCg=="
              }
            ],
            "cluster_id": null,
            "created_at": "2023-01-11 13:39:28.645 +0000 UTC",
            "enabled_cluster_log_types": null,
            "encryption_config": [],
            "endpoint": "https://D579E146F6B6B2D70EDD521D1510A7A3.gr7.us-east-1.eks.amazonaws.com",
            "id": "jsr-cluster",
            "identity": [
              {
                "oidc": [
                  {
                    "issuer": "https://oidc.eks.us-east-1.amazonaws.com/id/D579E146F6B6B2D70EDD521D1510A7A3"
                  }
                ]
              }
            ],
            "kubernetes_network_config": [
              {
                "ip_family": "ipv4",
                "service_ipv4_cidr": "172.20.0.0/16",
                "service_ipv6_cidr": ""
              }
            ],
            "name": "jsr-cluster",
            "outpost_config": [],
            "platform_version": "eks.5",
            "role_arn": "arn:aws:iam::976903522948:role/jsr-eks-iam-role",
            "status": "ACTIVE",
            "tags": null,
            "tags_all": {},
            "timeouts": null,
            "version": "1.23",
            "vpc_config": [
              {
                "cluster_security_group_id": "sg-0a99b36933d9e1d96",
                "endpoint_private_access": false,
                "endpoint_public_access": true,
                "public_access_cidrs": [
                  "0.0.0.0/0"
                ],
                "security_group_ids": null,
                "subnet_ids": [
                  "subnet-025ee98c2ea5fc306",
                  "subnet-0e5b32372ba427dc7"
                ],
                "vpc_id": "vpc-0e5889944e32f12da"
              }
            ]
          },
          "sensitive_attributes": [],
          "private": "eyJlMmJmYjczMC1lY2FhLTExZTYtOGY4OC0zNDM2M2JjN2M0YzAiOnsiY3JlYXRlIjoxODAwMDAwMDAwMDAwLCJkZWxldGUiOjkwMDAwMDAwMDAwMCwidXBkYXRlIjozNjAwMDAwMDAwMDAwfX0=",
          "dependencies": [
            "aws_iam_role.eks-iam-role"
          ]
        }
      ]
    },
    {
      "mode": "managed",
      "type": "aws_eks_node_group",
      "name": "worker-node-group",
      "provider": "provider[\"registry.terraform.io/hashicorp/aws\"]",
      "instances": [
        {
          "schema_version": 0,
          "attributes": {
            "ami_type": "AL2_x86_64",
            "arn": "arn:aws:eks:us-east-1:976903522948:nodegroup/jsr-cluster/jsr-workernodes/1ec2d08b-da2a-4094-f227-d799ace9f448",
            "capacity_type": "ON_DEMAND",
            "cluster_name": "jsr-cluster",
            "disk_size": 20,
            "force_update_version": null,
            "id": "jsr-cluster:jsr-workernodes",
            "instance_types": [
              "t2.micro"
            ],
            "labels": null,
            "launch_template": [],
            "node_group_name": "jsr-workernodes",
            "node_group_name_prefix": "",
            "node_role_arn": "arn:aws:iam::976903522948:role/eks-node-group-example",
            "release_version": "1.23.13-20230105",
            "remote_access": [],
            "resources": [
              {
                "autoscaling_groups": [
                  {
                    "name": "eks-jsr-workernodes-1ec2d08b-da2a-4094-f227-d799ace9f448"
                  }
                ],
                "remote_access_security_group_id": ""
              }
            ],
            "scaling_config": [
              {
                "desired_size": 1,
                "max_size": 1,
                "min_size": 1
              }
            ],
            "status": "ACTIVE",
            "subnet_ids": [
              "subnet-025ee98c2ea5fc306",
              "subnet-0e5b32372ba427dc7"
            ],
            "tags": null,
            "tags_all": {},
            "taint": [],
            "timeouts": null,
            "update_config": [
              {
                "max_unavailable": 1,
                "max_unavailable_percentage": 0
              }
            ],
            "version": "1.23"
          },
          "sensitive_attributes": [],
          "private": "eyJlMmJmYjczMC1lY2FhLTExZTYtOGY4OC0zNDM2M2JjN2M0YzAiOnsiY3JlYXRlIjozNjAwMDAwMDAwMDAwLCJkZWxldGUiOjM2MDAwMDAwMDAwMDAsInVwZGF0ZSI6MzYwMDAwMDAwMDAwMH19",
          "dependencies": [
            "aws_eks_cluster.jsr-eks",
            "aws_iam_role.eks-iam-role",
            "aws_iam_role.workernodes",
            "aws_iam_role_policy_attachment.AmazonEC2ContainerRegistryReadOnly",
            "aws_iam_role_policy_attachment.AmazonEKSWorkerNodePolicy",
            "aws_iam_role_policy_attachment.AmazonEKS_CNI_Policy"
          ]
        }
      ]
    },
    {
      "mode": "managed",
      "type": "aws_iam_role",
      "name": "eks-iam-role",
      "provider": "provider[\"registry.terraform.io/hashicorp/aws\"]",
      "instances": [
        {
          "schema_version": 0,
          "attributes": {
            "arn": "arn:aws:iam::976903522948:role/jsr-eks-iam-role",
            "assume_role_policy": "{\"Statement\":[{\"Action\":\"sts:AssumeRole\",\"Effect\":\"Allow\",\"Principal\":{\"Service\":\"eks.amazonaws.com\"}}],\"Version\":\"2012-10-17\"}",
            "create_date": "2023-01-11T13:39:24Z",
            "description": "",
            "force_detach_policies": false,
            "id": "jsr-eks-iam-role",
            "inline_policy": [],
            "managed_policy_arns": [],
            "max_session_duration": 3600,
            "name": "jsr-eks-iam-role",
            "name_prefix": "",
            "path": "/",
            "permissions_boundary": null,
            "tags": null,
            "tags_all": {},
            "unique_id": "AROA6G474ZKCNPEZIW3DR"
          },
          "sensitive_attributes": [],
          "private": "bnVsbA=="
        }
      ]
    },
    {
      "mode": "managed",
      "type": "aws_iam_role",
      "name": "workernodes",
      "provider": "provider[\"registry.terraform.io/hashicorp/aws\"]",
      "instances": [
        {
          "schema_version": 0,
          "attributes": {
            "arn": "arn:aws:iam::976903522948:role/eks-node-group-example",
            "assume_role_policy": "{\"Statement\":[{\"Action\":\"sts:AssumeRole\",\"Effect\":\"Allow\",\"Principal\":{\"Service\":\"ec2.amazonaws.com\"}}],\"Version\":\"2012-10-17\"}",
            "create_date": "2023-01-11T13:39:24Z",
            "description": "",
            "force_detach_policies": false,
            "id": "eks-node-group-example",
            "inline_policy": [],
            "managed_policy_arns": [],
            "max_session_duration": 3600,
            "name": "eks-node-group-example",
            "name_prefix": "",
            "path": "/",
            "permissions_boundary": null,
            "tags": null,
            "tags_all": {},
            "unique_id": "AROA6G474ZKCJQHMDYKFB"
          },
          "sensitive_attributes": [],
          "private": "bnVsbA=="
        }
      ]
    },
    {
      "mode": "managed",
      "type": "aws_iam_role_policy_attachment",
      "name": "AmazonEC2ContainerRegistryReadOnly",
      "provider": "provider[\"registry.terraform.io/hashicorp/aws\"]",
      "instances": [
        {
          "schema_version": 0,
          "attributes": {
            "id": "eks-node-group-example-20230111133928475600000002",
            "policy_arn": "arn:aws:iam::aws:policy/AmazonEC2ContainerRegistryReadOnly",
            "role": "eks-node-group-example"
          },
          "sensitive_attributes": [],
          "private": "bnVsbA==",
          "dependencies": [
            "aws_iam_role.workernodes"
          ]
        }
      ]
    },
    {
      "mode": "managed",
      "type": "aws_iam_role_policy_attachment",
      "name": "AmazonEC2ContainerRegistryReadOnly-EKS",
      "provider": "provider[\"registry.terraform.io/hashicorp/aws\"]",
      "instances": [
        {
          "schema_version": 0,
          "attributes": {
            "id": "jsr-eks-iam-role-20230111133928469600000001",
            "policy_arn": "arn:aws:iam::aws:policy/AmazonEC2ContainerRegistryReadOnly",
            "role": "jsr-eks-iam-role"
          },
          "sensitive_attributes": [],
          "private": "bnVsbA==",
          "dependencies": [
            "aws_iam_role.eks-iam-role"
          ]
        }
      ]
    },
    {
      "mode": "managed",
      "type": "aws_iam_role_policy_attachment",
      "name": "AmazonEKSClusterPolicy",
      "provider": "provider[\"registry.terraform.io/hashicorp/aws\"]",
      "instances": [
        {
          "schema_version": 0,
          "attributes": {
            "id": "jsr-eks-iam-role-20230111133929070100000005",
            "policy_arn": "arn:aws:iam::aws:policy/AmazonEKSClusterPolicy",
            "role": "jsr-eks-iam-role"
          },
          "sensitive_attributes": [],
          "private": "bnVsbA==",
          "dependencies": [
            "aws_iam_role.eks-iam-role"
          ]
        }
      ]
    },
    {
      "mode": "managed",
      "type": "aws_iam_role_policy_attachment",
      "name": "AmazonEKSWorkerNodePolicy",
      "provider": "provider[\"registry.terraform.io/hashicorp/aws\"]",
      "instances": [
        {
          "schema_version": 0,
          "attributes": {
            "id": "eks-node-group-example-20230111133928725800000004",
            "policy_arn": "arn:aws:iam::aws:policy/AmazonEKSWorkerNodePolicy",
            "role": "eks-node-group-example"
          },
          "sensitive_attributes": [],
          "private": "bnVsbA==",
          "dependencies": [
            "aws_iam_role.workernodes"
          ]
        }
      ]
    },
    {
      "mode": "managed",
      "type": "aws_iam_role_policy_attachment",
      "name": "AmazonEKS_CNI_Policy",
      "provider": "provider[\"registry.terraform.io/hashicorp/aws\"]",
      "instances": [
        {
          "schema_version": 0,
          "attributes": {
            "id": "eks-node-group-example-20230111133928724800000003",
            "policy_arn": "arn:aws:iam::aws:policy/AmazonEKS_CNI_Policy",
            "role": "eks-node-group-example"
          },
          "sensitive_attributes": [],
          "private": "bnVsbA==",
          "dependencies": [
            "aws_iam_role.workernodes"
          ]
        }
      ]
    }
  ],
  "check_results": null
}
